
Microsoft Visual Studio Solution File, Format Version 12.00
Project("{FAE04EC0-301F-11D3-BF4B-00C04F79EFBC}") = "Luke01", "src\Luke01\Luke01.csproj", "{00456113-321B-4BC5-BA5F-A88037C799F1}"
EndProject
Project("{F2A71F9B-5D33-465A-A702-920D77279786}") = "Luke01", "src\fsharp\Luke01\Luke01.fsproj", "{B292A5A1-CF6D-493A-A2D8-3EECDED0BCB8}"
EndProject
Global
	GlobalSection(SolutionConfigurationPlatforms) = preSolution
		Debug|Any CPU = Debug|Any CPU
		Release|Any CPU = Release|Any CPU
	EndGlobalSection
	GlobalSection(ProjectConfigurationPlatforms) = postSolution
		{00456113-321B-4BC5-BA5F-A88037C799F1}.Debug|Any CPU.ActiveCfg = Debug|Any CPU
		{00456113-321B-4BC5-BA5F-A88037C799F1}.Debug|Any CPU.Build.0 = Debug|Any CPU
		{00456113-321B-4BC5-BA5F-A88037C799F1}.Release|Any CPU.ActiveCfg = Release|Any CPU
		{00456113-321B-4BC5-BA5F-A88037C799F1}.Release|Any CPU.Build.0 = Release|Any CPU
		{B292A5A1-CF6D-493A-A2D8-3EECDED0BCB8}.Debug|Any CPU.ActiveCfg = Debug|Any CPU
		{B292A5A1-CF6D-493A-A2D8-3EECDED0BCB8}.Debug|Any CPU.Build.0 = Debug|Any CPU
		{B292A5A1-CF6D-493A-A2D8-3EECDED0BCB8}.Release|Any CPU.ActiveCfg = Release|Any CPU
		{B292A5A1-CF6D-493A-A2D8-3EECDED0BCB8}.Release|Any CPU.Build.0 = Release|Any CPU
	EndGlobalSection
EndGlobal
